
Microsoft Visual Studio Solution File, Format Version 12.00
# Visual Studio Version 17
VisualStudioVersion = 17.4.33205.214
MinimumVisualStudioVersion = 10.0.40219.1
Project("{FAE04EC0-301F-11D3-BF4B-00C04F79EFBC}") = "Sistema_Asistencia_Personal", "Sistema_Asistencia_Personal.csproj", "{4FB46BDA-031B-437C-858D-30F935DBE340}"
EndProject
Global
	GlobalSection(SolutionConfigurationPlatforms) = preSolution
		Debug|Any CPU = Debug|Any CPU
		Release|Any CPU = Release|Any CPU
	EndGlobalSection
	GlobalSection(ProjectConfigurationPlatforms) = postSolution
		{4FB46BDA-031B-437C-858D-30F935DBE340}.Debug|Any CPU.ActiveCfg = Debug|Any CPU
		{4FB46BDA-031B-437C-858D-30F935DBE340}.Debug|Any CPU.Build.0 = Debug|Any CPU
		{4FB46BDA-031B-437C-858D-30F935DBE340}.Release|Any CPU.ActiveCfg = Release|Any CPU
		{4FB46BDA-031B-437C-858D-30F935DBE340}.Release|Any CPU.Build.0 = Release|Any CPU
	EndGlobalSection
	GlobalSection(SolutionProperties) = preSolution
		HideSolutionNode = FALSE
	EndGlobalSection
	GlobalSection(ExtensibilityGlobals) = postSolution
		SolutionGuid = {0CC301E0-5A90-4CC3-9A9D-5D333F8C11AC}
	EndGlobalSection
EndGlobal
